
Microsoft Visual Studio Solution File, Format Version 12.00
# Visual Studio 2012
Project("{FAE04EC0-301F-11D3-BF4B-00C04F79EFBC}") = "FirestoreRe.Android", "FirestoreRe.Android\FirestoreRe.Android.csproj", "{D9B7CB28-5BE9-4B2B-829F-2783E34DF5A1}"
EndProject
Project("{FAE04EC0-301F-11D3-BF4B-00C04F79EFBC}") = "FirestoreRe.iOS", "FirestoreRe.iOS\FirestoreRe.iOS.csproj", "{4753D0E4-97A0-4B57-ACD1-272C2893702C}"
EndProject
Project("{FAE04EC0-301F-11D3-BF4B-00C04F79EFBC}") = "FirestoreRe", "FirestoreRe\FirestoreRe.csproj", "{108FF640-CEEB-400F-9EC8-D4A420F4B99E}"
EndProject
Global
	GlobalSection(SolutionConfigurationPlatforms) = preSolution
		Debug|Any CPU = Debug|Any CPU
		Release|Any CPU = Release|Any CPU
		Debug|iPhoneSimulator = Debug|iPhoneSimulator
		Release|iPhoneSimulator = Release|iPhoneSimulator
		Debug|iPhone = Debug|iPhone
		Release|iPhone = Release|iPhone
		Ad-Hoc|iPhone = Ad-Hoc|iPhone
		AppStore|iPhone = AppStore|iPhone
	EndGlobalSection
	GlobalSection(ProjectConfigurationPlatforms) = postSolution
		{D9B7CB28-5BE9-4B2B-829F-2783E34DF5A1}.Debug|Any CPU.ActiveCfg = Debug|Any CPU
		{D9B7CB28-5BE9-4B2B-829F-2783E34DF5A1}.Debug|Any CPU.Build.0 = Debug|Any CPU
		{D9B7CB28-5BE9-4B2B-829F-2783E34DF5A1}.Release|Any CPU.ActiveCfg = Release|Any CPU
		{D9B7CB28-5BE9-4B2B-829F-2783E34DF5A1}.Release|Any CPU.Build.0 = Release|Any CPU
		{D9B7CB28-5BE9-4B2B-829F-2783E34DF5A1}.Debug|iPhoneSimulator.ActiveCfg = Debug|Any CPU
		{D9B7CB28-5BE9-4B2B-829F-2783E34DF5A1}.Debug|iPhoneSimulator.Build.0 = Debug|Any CPU
		{D9B7CB28-5BE9-4B2B-829F-2783E34DF5A1}.Release|iPhoneSimulator.ActiveCfg = Release|Any CPU
		{D9B7CB28-5BE9-4B2B-829F-2783E34DF5A1}.Release|iPhoneSimulator.Build.0 = Release|Any CPU
		{D9B7CB28-5BE9-4B2B-829F-2783E34DF5A1}.Debug|iPhone.ActiveCfg = Debug|Any CPU
		{D9B7CB28-5BE9-4B2B-829F-2783E34DF5A1}.Debug|iPhone.Build.0 = Debug|Any CPU
		{D9B7CB28-5BE9-4B2B-829F-2783E34DF5A1}.Release|iPhone.ActiveCfg = Release|Any CPU
		{D9B7CB28-5BE9-4B2B-829F-2783E34DF5A1}.Release|iPhone.Build.0 = Release|Any CPU
		{D9B7CB28-5BE9-4B2B-829F-2783E34DF5A1}.Ad-Hoc|iPhone.ActiveCfg = Debug|Any CPU
		{D9B7CB28-5BE9-4B2B-829F-2783E34DF5A1}.Ad-Hoc|iPhone.Build.0 = Debug|Any CPU
		{D9B7CB28-5BE9-4B2B-829F-2783E34DF5A1}.AppStore|iPhone.ActiveCfg = Debug|Any CPU
		{D9B7CB28-5BE9-4B2B-829F-2783E34DF5A1}.AppStore|iPhone.Build.0 = Debug|Any CPU
		{4753D0E4-97A0-4B57-ACD1-272C2893702C}.Debug|Any CPU.ActiveCfg = Debug|iPhoneSimulator
		{4753D0E4-97A0-4B57-ACD1-272C2893702C}.Debug|Any CPU.Build.0 = Debug|iPhoneSimulator
		{4753D0E4-97A0-4B57-ACD1-272C2893702C}.Release|Any CPU.ActiveCfg = Release|iPhoneSimulator
		{4753D0E4-97A0-4B57-ACD1-272C2893702C}.Release|Any CPU.Build.0 = Release|iPhoneSimulator
		{4753D0E4-97A0-4B57-ACD1-272C2893702C}.Debug|iPhoneSimulator.ActiveCfg = Debug|iPhoneSimulator
		{4753D0E4-97A0-4B57-ACD1-272C2893702C}.Debug|iPhoneSimulator.Build.0 = Debug|iPhoneSimulator
		{4753D0E4-97A0-4B57-ACD1-272C2893702C}.Release|iPhoneSimulator.ActiveCfg = Release|iPhoneSimulator
		{4753D0E4-97A0-4B57-ACD1-272C2893702C}.Release|iPhoneSimulator.Build.0 = Release|iPhoneSimulator
		{4753D0E4-97A0-4B57-ACD1-272C2893702C}.Debug|iPhone.ActiveCfg = Debug|iPhone
		{4753D0E4-97A0-4B57-ACD1-272C2893702C}.Debug|iPhone.Build.0 = Debug|iPhone
		{4753D0E4-97A0-4B57-ACD1-272C2893702C}.Release|iPhone.ActiveCfg = Release|iPhone
		{4753D0E4-97A0-4B57-ACD1-272C2893702C}.Release|iPhone.Build.0 = Release|iPhone
		{4753D0E4-97A0-4B57-ACD1-272C2893702C}.Ad-Hoc|iPhone.ActiveCfg = Ad-Hoc|iPhone
		{4753D0E4-97A0-4B57-ACD1-272C2893702C}.Ad-Hoc|iPhone.Build.0 = Ad-Hoc|iPhone
		{4753D0E4-97A0-4B57-ACD1-272C2893702C}.AppStore|iPhone.ActiveCfg = AppStore|iPhone
		{4753D0E4-97A0-4B57-ACD1-272C2893702C}.AppStore|iPhone.Build.0 = AppStore|iPhone
		{108FF640-CEEB-400F-9EC8-D4A420F4B99E}.Debug|Any CPU.ActiveCfg = Debug|Any CPU
		{108FF640-CEEB-400F-9EC8-D4A420F4B99E}.Debug|Any CPU.Build.0 = Debug|Any CPU
		{108FF640-CEEB-400F-9EC8-D4A420F4B99E}.Release|Any CPU.ActiveCfg = Release|Any CPU
		{108FF640-CEEB-400F-9EC8-D4A420F4B99E}.Release|Any CPU.Build.0 = Release|Any CPU
		{108FF640-CEEB-400F-9EC8-D4A420F4B99E}.Debug|iPhoneSimulator.ActiveCfg = Debug|Any CPU
		{108FF640-CEEB-400F-9EC8-D4A420F4B99E}.Debug|iPhoneSimulator.Build.0 = Debug|Any CPU
		{108FF640-CEEB-400F-9EC8-D4A420F4B99E}.Release|iPhoneSimulator.ActiveCfg = Release|Any CPU
		{108FF640-CEEB-400F-9EC8-D4A420F4B99E}.Release|iPhoneSimulator.Build.0 = Release|Any CPU
		{108FF640-CEEB-400F-9EC8-D4A420F4B99E}.Debug|iPhone.ActiveCfg = Debug|Any CPU
		{108FF640-CEEB-400F-9EC8-D4A420F4B99E}.Debug|iPhone.Build.0 = Debug|Any CPU
		{108FF640-CEEB-400F-9EC8-D4A420F4B99E}.Release|iPhone.ActiveCfg = Release|Any CPU
		{108FF640-CEEB-400F-9EC8-D4A420F4B99E}.Release|iPhone.Build.0 = Release|Any CPU
		{108FF640-CEEB-400F-9EC8-D4A420F4B99E}.Ad-Hoc|iPhone.ActiveCfg = Debug|Any CPU
		{108FF640-CEEB-400F-9EC8-D4A420F4B99E}.Ad-Hoc|iPhone.Build.0 = Debug|Any CPU
		{108FF640-CEEB-400F-9EC8-D4A420F4B99E}.AppStore|iPhone.ActiveCfg = Debug|Any CPU
		{108FF640-CEEB-400F-9EC8-D4A420F4B99E}.AppStore|iPhone.Build.0 = Debug|Any CPU
	EndGlobalSection
EndGlobal
